
Microsoft Visual Studio Solution File, Format Version 12.00
# Visual Studio Version 17
VisualStudioVersion = 17.4.33213.308
MinimumVisualStudioVersion = 10.0.40219.1
Project("{FAE04EC0-301F-11D3-BF4B-00C04F79EFBC}") = "TraversalApiProject", "TraversalApiProject\TraversalApiProject.csproj", "{C3A8C382-D7C5-4E5A-8B89-01AD33A71BFE}"
EndProject
Global
	GlobalSection(SolutionConfigurationPlatforms) = preSolution
		Debug|Any CPU = Debug|Any CPU
		Release|Any CPU = Release|Any CPU
	EndGlobalSection
	GlobalSection(ProjectConfigurationPlatforms) = postSolution
		{C3A8C382-D7C5-4E5A-8B89-01AD33A71BFE}.Debug|Any CPU.ActiveCfg = Debug|Any CPU
		{C3A8C382-D7C5-4E5A-8B89-01AD33A71BFE}.Debug|Any CPU.Build.0 = Debug|Any CPU
		{C3A8C382-D7C5-4E5A-8B89-01AD33A71BFE}.Release|Any CPU.ActiveCfg = Release|Any CPU
		{C3A8C382-D7C5-4E5A-8B89-01AD33A71BFE}.Release|Any CPU.Build.0 = Release|Any CPU
	EndGlobalSection
	GlobalSection(SolutionProperties) = preSolution
		HideSolutionNode = FALSE
	EndGlobalSection
	GlobalSection(ExtensibilityGlobals) = postSolution
		SolutionGuid = {C461EFCE-F2C2-469B-AEBC-877DE9C1F458}
	EndGlobalSection
EndGlobal
